<?xml version="1.0" encoding="utf-8"?>
<Project ToolsVersion="4.0" xmlns="http://schemas.microsoft.com/developer/msbuild/2003">
  <ItemGroup>
    <Filter Include="network">
      <UniqueIdentifier>{59d5a149-357e-4c4f-b951-4241e88d0c9c}</UniqueIdentifier>
    </Filter>
    <Filter Include="network\Listener">
      <UniqueIdentifier>{ecf11875-54da-44c7-ba50-c8507a4341a6}</UniqueIdentifier>
    </Filter>
    <Filter Include="network\Server">
      <UniqueIdentifier>{b25b3266-6a93-4a3f-a329-b99ca3c3555a}</UniqueIdentifier>
    </Filter>
    <Filter Include="default">
      <UniqueIdentifier>{0f0e6b0d-4639-4230-9412-2961bb2427dc}</UniqueIdentifier>
    </Filter>
    <Filter Include="contents">
      <UniqueIdentifier>{08a57b58-0104-4234-9c67-784dd04d7ae7}</UniqueIdentifier>
    </Filter>
    <Filter Include="network\GameSession">
      <UniqueIdentifier>{5a645dfd-2161-4073-89e0-1b9724ec01f4}</UniqueIdentifier>
    </Filter>
    <Filter Include="network\PacketManager">
      <UniqueIdentifier>{de48db76-0d3f-4df5-b5ca-eec5b2106eba}</UniqueIdentifier>
    </Filter>
    <Filter Include="utils">
      <UniqueIdentifier>{6b80f040-f2da-4665-85cf-dcd8a84a2e5e}</UniqueIdentifier>
    </Filter>
    <Filter Include="contents\Room">
      <UniqueIdentifier>{3ce4afb8-3fa7-4855-95d5-040b02ac9826}</UniqueIdentifier>
    </Filter>
    <Filter Include="contents\Object">
      <UniqueIdentifier>{8b615a2d-9999-4438-a197-a8621c175e75}</UniqueIdentifier>
    </Filter>
    <Filter Include="utils\JobTimer">
      <UniqueIdentifier>{443eabbb-1f42-406a-8d53-b05580083898}</UniqueIdentifier>
    </Filter>
  </ItemGroup>
  <ItemGroup>
    <ClCompile Include="Listener.cpp">
      <Filter>network\Listener</Filter>
    </ClCompile>
    <ClCompile Include="roomServerMain.cpp">
      <Filter>default</Filter>
    </ClCompile>
    <ClCompile Include="rspch.cpp">
      <Filter>default</Filter>
    </ClCompile>
    <ClCompile Include="RoomServer.cpp">
      <Filter>network\Server</Filter>
    </ClCompile>
    <ClCompile Include="GameSession.cpp">
      <Filter>network\GameSession</Filter>
    </ClCompile>
    <ClCompile Include="PacketManager.cpp">
      <Filter>network\PacketManager</Filter>
    </ClCompile>
    <ClCompile Include="AssetManager.cpp">
      <Filter>contents</Filter>
    </ClCompile>
    <ClCompile Include="Model.cpp">
      <Filter>contents</Filter>
    </ClCompile>
    <ClCompile Include="Level.cpp">
      <Filter>contents</Filter>
    </ClCompile>
    <ClCompile Include="collision.cpp">
      <Filter>contents</Filter>
    </ClCompile>
    <ClCompile Include="binaryImport.cpp">
      <Filter>utils</Filter>
    </ClCompile>
    <ClCompile Include="errorHandling.cpp">
      <Filter>utils</Filter>
    </ClCompile>
    <ClCompile Include="physics.cpp">
      <Filter>contents</Filter>
    </ClCompile>
    <ClCompile Include="Room.cpp">
      <Filter>contents\Room</Filter>
    </ClCompile>
    <ClCompile Include="RoomManager.cpp">
      <Filter>contents\Room</Filter>
    </ClCompile>
    <ClCompile Include="log.cpp">
      <Filter>utils</Filter>
    </ClCompile>
    <ClCompile Include="object.cpp">
      <Filter>contents\Object</Filter>
    </ClCompile>
    <ClCompile Include="JobTimer.cpp">
      <Filter>utils\JobTimer</Filter>
    </ClCompile>
  </ItemGroup>
  <ItemGroup>
    <ClInclude Include="Listener.hpp">
      <Filter>network\Listener</Filter>
    </ClInclude>
    <ClInclude Include="rspch.hpp">
      <Filter>default</Filter>
    </ClInclude>
    <ClInclude Include="RoomServer.hpp">
      <Filter>network\Server</Filter>
    </ClInclude>
    <ClInclude Include="GameSession.hpp">
      <Filter>network\GameSession</Filter>
    </ClInclude>
    <ClInclude Include="PacketManager.hpp">
      <Filter>network\PacketManager</Filter>
    </ClInclude>
    <ClInclude Include="AssetManager.hpp">
      <Filter>contents</Filter>
    </ClInclude>
    <ClInclude Include="Level.hpp">
      <Filter>contents</Filter>
    </ClInclude>
    <ClInclude Include="Model.hpp">
      <Filter>contents</Filter>
    </ClInclude>
    <ClInclude Include="collision.hpp">
      <Filter>contents</Filter>
    </ClInclude>
    <ClInclude Include="binaryImport.hpp">
      <Filter>utils</Filter>
    </ClInclude>
    <ClInclude Include="errorHandling.hpp">
      <Filter>utils</Filter>
    </ClInclude>
    <ClInclude Include="physics.hpp">
      <Filter>contents</Filter>
    </ClInclude>
    <ClInclude Include="Room.hpp">
      <Filter>contents\Room</Filter>
    </ClInclude>
    <ClInclude Include="RoomManager.hpp">
      <Filter>contents\Room</Filter>
    </ClInclude>
    <ClInclude Include="log.hpp">
      <Filter>utils</Filter>
    </ClInclude>
    <ClInclude Include="object.hpp">
      <Filter>contents\Object</Filter>
    </ClInclude>
    <ClInclude Include="JobTimer.hpp">
      <Filter>utils\JobTimer</Filter>
    </ClInclude>
  </ItemGroup>
</Project>