
Microsoft Visual Studio Solution File, Format Version 12.00
# Visual Studio Version 17
VisualStudioVersion = 17.14.36623.8
MinimumVisualStudioVersion = 10.0.40219.1
Project("{8BC9CEB8-8B4A-11D0-8D11-00A0C91BC942}") = "LobbyServer", "LobbyServer\LobbyServer.vcxproj", "{09CA0266-B329-4B14-8514-8D1F29AC96AD}"
EndProject
Project("{8BC9CEB8-8B4A-11D0-8D11-00A0C91BC942}") = "RoomServer", "RoomServer\RoomServer.vcxproj", "{C3776294-8706-4041-8C95-B0A7716D05A2}"
EndProject
Project("{8BC9CEB8-8B4A-11D0-8D11-00A0C91BC942}") = "ServerEngine", "ServerEngine\ServerEngine.vcxproj", "{D3509D12-8E8D-482C-932B-A849E04CD6CF}"
EndProject
Project("{8BC9CEB8-8B4A-11D0-8D11-00A0C91BC942}") = "client", "client\client.vcxproj", "{1FA9B486-5C0B-4D4B-A470-9BA00FE9F19D}"
EndProject
Global
	GlobalSection(SolutionConfigurationPlatforms) = preSolution
		Debug|x64 = Debug|x64
		Debug|x86 = Debug|x86
		Release|x64 = Release|x64
		Release|x86 = Release|x86
	EndGlobalSection
	GlobalSection(ProjectConfigurationPlatforms) = postSolution
		{09CA0266-B329-4B14-8514-8D1F29AC96AD}.Debug|x64.ActiveCfg = Debug|x64
		{09CA0266-B329-4B14-8514-8D1F29AC96AD}.Debug|x64.Build.0 = Debug|x64
		{09CA0266-B329-4B14-8514-8D1F29AC96AD}.Debug|x86.ActiveCfg = Debug|Win32
		{09CA0266-B329-4B14-8514-8D1F29AC96AD}.Debug|x86.Build.0 = Debug|Win32
		{09CA0266-B329-4B14-8514-8D1F29AC96AD}.Release|x64.ActiveCfg = Release|x64
		{09CA0266-B329-4B14-8514-8D1F29AC96AD}.Release|x64.Build.0 = Release|x64
		{09CA0266-B329-4B14-8514-8D1F29AC96AD}.Release|x86.ActiveCfg = Release|Win32
		{09CA0266-B329-4B14-8514-8D1F29AC96AD}.Release|x86.Build.0 = Release|Win32
		{C3776294-8706-4041-8C95-B0A7716D05A2}.Debug|x64.ActiveCfg = Debug|x64
		{C3776294-8706-4041-8C95-B0A7716D05A2}.Debug|x64.Build.0 = Debug|x64
		{C3776294-8706-4041-8C95-B0A7716D05A2}.Debug|x86.ActiveCfg = Debug|Win32
		{C3776294-8706-4041-8C95-B0A7716D05A2}.Debug|x86.Build.0 = Debug|Win32
		{C3776294-8706-4041-8C95-B0A7716D05A2}.Release|x64.ActiveCfg = Release|x64
		{C3776294-8706-4041-8C95-B0A7716D05A2}.Release|x64.Build.0 = Release|x64
		{C3776294-8706-4041-8C95-B0A7716D05A2}.Release|x86.ActiveCfg = Release|Win32
		{C3776294-8706-4041-8C95-B0A7716D05A2}.Release|x86.Build.0 = Release|Win32
		{D3509D12-8E8D-482C-932B-A849E04CD6CF}.Debug|x64.ActiveCfg = Debug|x64
		{D3509D12-8E8D-482C-932B-A849E04CD6CF}.Debug|x64.Build.0 = Debug|x64
		{D3509D12-8E8D-482C-932B-A849E04CD6CF}.Debug|x86.ActiveCfg = Debug|Win32
		{D3509D12-8E8D-482C-932B-A849E04CD6CF}.Debug|x86.Build.0 = Debug|Win32
		{D3509D12-8E8D-482C-932B-A849E04CD6CF}.Release|x64.ActiveCfg = Release|x64
		{D3509D12-8E8D-482C-932B-A849E04CD6CF}.Release|x64.Build.0 = Release|x64
		{D3509D12-8E8D-482C-932B-A849E04CD6CF}.Release|x86.ActiveCfg = Release|Win32
		{D3509D12-8E8D-482C-932B-A849E04CD6CF}.Release|x86.Build.0 = Release|Win32
		{1FA9B486-5C0B-4D4B-A470-9BA00FE9F19D}.Debug|x64.ActiveCfg = Debug|x64
		{1FA9B486-5C0B-4D4B-A470-9BA00FE9F19D}.Debug|x64.Build.0 = Debug|x64
		{1FA9B486-5C0B-4D4B-A470-9BA00FE9F19D}.Debug|x86.ActiveCfg = Debug|Win32
		{1FA9B486-5C0B-4D4B-A470-9BA00FE9F19D}.Debug|x86.Build.0 = Debug|Win32
		{1FA9B486-5C0B-4D4B-A470-9BA00FE9F19D}.Release|x64.ActiveCfg = Release|x64
		{1FA9B486-5C0B-4D4B-A470-9BA00FE9F19D}.Release|x64.Build.0 = Release|x64
		{1FA9B486-5C0B-4D4B-A470-9BA00FE9F19D}.Release|x86.ActiveCfg = Release|Win32
		{1FA9B486-5C0B-4D4B-A470-9BA00FE9F19D}.Release|x86.Build.0 = Release|Win32
	EndGlobalSection
	GlobalSection(SolutionProperties) = preSolution
		HideSolutionNode = FALSE
	EndGlobalSection
	GlobalSection(ExtensibilityGlobals) = postSolution
		SolutionGuid = {A0FDE500-49E1-433F-8C8D-E7052A2E39AB}
	EndGlobalSection
EndGlobal
