<?xml version="1.0" encoding="utf-8"?>
<Project ToolsVersion="4.0" xmlns="http://schemas.microsoft.com/developer/msbuild/2003">
  <ItemGroup>
    <Filter Include="network">
      <UniqueIdentifier>{21b88202-a30f-4ac2-aee2-6fb5d1e064fb}</UniqueIdentifier>
    </Filter>
    <Filter Include="network\Server">
      <UniqueIdentifier>{d9bce966-3e52-4e65-8a0c-7f1e46f43350}</UniqueIdentifier>
    </Filter>
    <Filter Include="network\Listener">
      <UniqueIdentifier>{1709caec-e56d-42fe-8edc-b0580ad6a391}</UniqueIdentifier>
    </Filter>
    <Filter Include="network\GameSession">
      <UniqueIdentifier>{4b323e29-b802-4d38-881f-e3af0963c9b1}</UniqueIdentifier>
    </Filter>
    <Filter Include="default">
      <UniqueIdentifier>{2964c557-2e37-41c4-a3f8-52a5130263d9}</UniqueIdentifier>
    </Filter>
    <Filter Include="network\PacketManager">
      <UniqueIdentifier>{a66f1e84-423d-4a7a-9001-821c6be716d7}</UniqueIdentifier>
    </Filter>
    <Filter Include="contents">
      <UniqueIdentifier>{0714be00-d0e7-4874-87df-f8396c34964a}</UniqueIdentifier>
    </Filter>
  </ItemGroup>
  <ItemGroup>
    <ClCompile Include="Listener.cpp">
      <Filter>network\Listener</Filter>
    </ClCompile>
    <ClCompile Include="GameSession.cpp">
      <Filter>network\GameSession</Filter>
    </ClCompile>
    <ClCompile Include="GameSessionManager.cpp">
      <Filter>network\GameSession</Filter>
    </ClCompile>
    <ClCompile Include="LobbyServer.cpp">
      <Filter>network\Server</Filter>
    </ClCompile>
    <ClCompile Include="lobbyServerMain.cpp">
      <Filter>default</Filter>
    </ClCompile>
    <ClCompile Include="lspch.cpp">
      <Filter>default</Filter>
    </ClCompile>
    <ClCompile Include="PacketManager.cpp">
      <Filter>network\PacketManager</Filter>
    </ClCompile>
    <ClCompile Include="LobbyManager.cpp">
      <Filter>contents</Filter>
    </ClCompile>
    <ClCompile Include="LobbyRoom.cpp">
      <Filter>contents</Filter>
    </ClCompile>
    <ClCompile Include="..\common\networkConfig.cpp">
      <Filter>default</Filter>
    </ClCompile>
    <ClCompile Include="..\common\simpleJson.cpp">
      <Filter>default</Filter>
    </ClCompile>
  </ItemGroup>
  <ItemGroup>
    <ClInclude Include="Listener.hpp">
      <Filter>network\Listener</Filter>
    </ClInclude>
    <ClInclude Include="GameSession.hpp">
      <Filter>network\GameSession</Filter>
    </ClInclude>
    <ClInclude Include="GameSessionManager.hpp">
      <Filter>network\GameSession</Filter>
    </ClInclude>
    <ClInclude Include="LobbyServer.hpp">
      <Filter>network\Server</Filter>
    </ClInclude>
    <ClInclude Include="lspch.hpp">
      <Filter>default</Filter>
    </ClInclude>
    <ClInclude Include="PacketManager.hpp">
      <Filter>network\PacketManager</Filter>
    </ClInclude>
    <ClInclude Include="LobbyRoom.hpp">
      <Filter>contents</Filter>
    </ClInclude>
    <ClInclude Include="LobbyManager.hpp">
      <Filter>contents</Filter>
    </ClInclude>
    <ClInclude Include="..\common\networkConfig.hpp">
      <Filter>default</Filter>
    </ClInclude>
    <ClInclude Include="..\common\simpleJson.hpp">
      <Filter>default</Filter>
    </ClInclude>
  </ItemGroup>
</Project>
