<?xml version="1.0" encoding="utf-8"?>
<Project ToolsVersion="4.0" xmlns="http://schemas.microsoft.com/developer/msbuild/2003">
  <ItemGroup>
    <Filter Include="sim">
      <UniqueIdentifier>{d0252313-6b08-497a-af4f-8ed618cce09d}</UniqueIdentifier>
    </Filter>
    <Filter Include="viz">
      <UniqueIdentifier>{e53ba91b-c04a-4303-92a2-f8b565f0f3f5}</UniqueIdentifier>
    </Filter>
    <Filter Include="default">
      <UniqueIdentifier>{c60315d4-47ff-49c6-9fdd-47423d04278c}</UniqueIdentifier>
    </Filter>
    <Filter Include="sim\Actor">
      <UniqueIdentifier>{b5a1f525-fb2d-4dc1-880f-17144121889f}</UniqueIdentifier>
    </Filter>
    <Filter Include="sim\utils">
      <UniqueIdentifier>{669e3409-4e47-4f29-b91d-0174b513df20}</UniqueIdentifier>
    </Filter>
    <Filter Include="sim\scenario">
      <UniqueIdentifier>{0c6d419a-64b1-4328-b788-ee9e431fbfe1}</UniqueIdentifier>
    </Filter>
    <Filter Include="sim\room">
      <UniqueIdentifier>{1ab22d7c-12e9-4cf5-a6c5-0d5a939609cf}</UniqueIdentifier>
    </Filter>
    <Filter Include="sim\Actor\npc">
      <UniqueIdentifier>{17aa8619-4bbb-46b2-b9ba-205fa02bf695}</UniqueIdentifier>
    </Filter>
    <Filter Include="sim\Actor\player">
      <UniqueIdentifier>{f7c024c6-2555-4175-af80-af39ae67e5d9}</UniqueIdentifier>
    </Filter>
    <Filter Include="sim\Actor\tactical npc">
      <UniqueIdentifier>{b15cae4a-50a6-4dfd-a520-96da88caefeb}</UniqueIdentifier>
    </Filter>
  </ItemGroup>
  <ItemGroup>
    <ClInclude Include="viz\Application.hpp">
      <Filter>viz</Filter>
    </ClInclude>
    <ClInclude Include="viz\Renderer.hpp">
      <Filter>viz</Filter>
    </ClInclude>
    <ClInclude Include="mathUtil.hpp">
      <Filter>default</Filter>
    </ClInclude>
    <ClInclude Include="sim\Actor.hpp">
      <Filter>sim\Actor</Filter>
    </ClInclude>
    <ClInclude Include="sim\DebugSnapshot.hpp">
      <Filter>sim\utils</Filter>
    </ClInclude>
    <ClInclude Include="sim\DummyPlayerController.hpp">
      <Filter>sim\utils</Filter>
    </ClInclude>
    <ClInclude Include="sim\Logger.hpp">
      <Filter>sim\utils</Filter>
    </ClInclude>
    <ClInclude Include="sim\Vec3.hpp">
      <Filter>sim\utils</Filter>
    </ClInclude>
    <ClInclude Include="sim\Scenario.hpp">
      <Filter>sim\scenario</Filter>
    </ClInclude>
    <ClInclude Include="sim\ScenarioSharedSight.hpp">
      <Filter>sim\scenario</Filter>
    </ClInclude>
    <ClInclude Include="sim\ScenarioSoloNpc.hpp">
      <Filter>sim\scenario</Filter>
    </ClInclude>
    <ClInclude Include="sim\Room.hpp">
      <Filter>sim\room</Filter>
    </ClInclude>
    <ClInclude Include="sim\Npc.hpp">
      <Filter>sim\Actor\npc</Filter>
    </ClInclude>
    <ClInclude Include="sim\NpcGroup.hpp">
      <Filter>sim\Actor\npc</Filter>
    </ClInclude>
    <ClInclude Include="sim\Player.hpp">
      <Filter>sim\Actor\player</Filter>
    </ClInclude>
    <ClInclude Include="sim\ScenarioTactical.hpp">
      <Filter>sim\scenario</Filter>
    </ClInclude>
    <ClInclude Include="sim\PlatoonLeader.hpp">
      <Filter>sim\Actor\tactical npc</Filter>
    </ClInclude>
    <ClInclude Include="sim\TacticalNpc.hpp">
      <Filter>sim\Actor\tactical npc</Filter>
    </ClInclude>
    <ClInclude Include="sim\TacticalSquad.hpp">
      <Filter>sim\Actor\tactical npc</Filter>
    </ClInclude>
  </ItemGroup>
  <ItemGroup>
    <ClCompile Include="viz\Renderer.cpp">
      <Filter>viz</Filter>
    </ClCompile>
    <ClCompile Include="viz\Application.cpp">
      <Filter>viz</Filter>
    </ClCompile>
    <ClCompile Include="main.cpp">
      <Filter>default</Filter>
    </ClCompile>
    <ClCompile Include="sim\Actor.cpp">
      <Filter>sim\Actor</Filter>
    </ClCompile>
    <ClCompile Include="sim\DummyPlayerController.cpp">
      <Filter>sim\utils</Filter>
    </ClCompile>
    <ClCompile Include="sim\Logger.cpp">
      <Filter>sim\utils</Filter>
    </ClCompile>
    <ClCompile Include="sim\ScenarioSharedSight.cpp">
      <Filter>sim\scenario</Filter>
    </ClCompile>
    <ClCompile Include="sim\ScenarioSoloNpc.cpp">
      <Filter>sim\scenario</Filter>
    </ClCompile>
    <ClCompile Include="sim\Room.cpp">
      <Filter>sim\room</Filter>
    </ClCompile>
    <ClCompile Include="sim\Npc.cpp">
      <Filter>sim\Actor\npc</Filter>
    </ClCompile>
    <ClCompile Include="sim\NpcGroup.cpp">
      <Filter>sim\Actor\npc</Filter>
    </ClCompile>
    <ClCompile Include="sim\Player.cpp">
      <Filter>sim\Actor\player</Filter>
    </ClCompile>
    <ClCompile Include="sim\ScenarioTactical.cpp">
      <Filter>sim\scenario</Filter>
    </ClCompile>
    <ClCompile Include="sim\PlatoonLeader.cpp">
      <Filter>sim\Actor\tactical npc</Filter>
    </ClCompile>
    <ClCompile Include="sim\TacticalNpc.cpp">
      <Filter>sim\Actor\tactical npc</Filter>
    </ClCompile>
    <ClCompile Include="sim\TacticalSquad.cpp">
      <Filter>sim\Actor\tactical npc</Filter>
    </ClCompile>
  </ItemGroup>
</Project>