<?xml version="1.0" encoding="utf-8"?>
<Project ToolsVersion="4.0" xmlns="http://schemas.microsoft.com/developer/msbuild/2003">
  <ItemGroup>
    <Filter Include="소스 파일">
      <UniqueIdentifier>{4FC737F1-C7A5-4376-A066-2A32D752A2FF}</UniqueIdentifier>
      <Extensions>cpp;c;cc;cxx;c++;cppm;ixx;def;odl;idl;hpj;bat;asm;asmx</Extensions>
    </Filter>
    <Filter Include="헤더 파일">
      <UniqueIdentifier>{93995380-89BD-4b04-88EB-625FBE52EBFB}</UniqueIdentifier>
      <Extensions>h;hh;hpp;hxx;h++;hm;inl;inc;ipp;xsd</Extensions>
    </Filter>
    <Filter Include="common">
      <UniqueIdentifier>{caedef9e-3a0f-4e88-acf2-758584a33fc0}</UniqueIdentifier>
    </Filter>
    <Filter Include="common\include">
      <UniqueIdentifier>{a512115c-94c4-4360-a0a9-4041e8fd7cb3}</UniqueIdentifier>
    </Filter>
    <Filter Include="common\src">
      <UniqueIdentifier>{5a0605f3-004a-44b8-b9f3-52d4dae36e48}</UniqueIdentifier>
    </Filter>
  </ItemGroup>
  <ItemGroup>
    <ClCompile Include="main.cpp">
      <Filter>소스 파일</Filter>
    </ClCompile>
    <ClCompile Include="Session.cpp">
      <Filter>소스 파일</Filter>
    </ClCompile>
    <ClCompile Include="netInclude.cpp">
      <Filter>소스 파일</Filter>
    </ClCompile>
    <ClCompile Include="ShException.cpp">
      <Filter>소스 파일</Filter>
    </ClCompile>
    <ClCompile Include="common\src\coord.cpp">
      <Filter>common\src</Filter>
    </ClCompile>
    <ClCompile Include="common\src\ecs.cpp">
      <Filter>common\src</Filter>
    </ClCompile>
    <ClCompile Include="common\src\gfxExcept.cpp">
      <Filter>common\src</Filter>
    </ClCompile>
    <ClCompile Include="common\src\keyboardXX.cpp">
      <Filter>common\src</Filter>
    </ClCompile>
    <ClCompile Include="common\src\level.cpp">
      <Filter>common\src</Filter>
    </ClCompile>
    <ClCompile Include="common\src\physicsSystem.cpp">
      <Filter>common\src</Filter>
    </ClCompile>
    <ClCompile Include="common\src\sNetEx.cpp">
      <Filter>common\src</Filter>
    </ClCompile>
  </ItemGroup>
  <ItemGroup>
    <ClInclude Include="protocol.hpp">
      <Filter>헤더 파일</Filter>
    </ClInclude>
    <ClInclude Include="Session.hpp">
      <Filter>헤더 파일</Filter>
    </ClInclude>
    <ClInclude Include="netInclude.hpp">
      <Filter>헤더 파일</Filter>
    </ClInclude>
    <ClInclude Include="OverlappedEx.hpp">
      <Filter>헤더 파일</Filter>
    </ClInclude>
    <ClInclude Include="ShException.hpp">
      <Filter>헤더 파일</Filter>
    </ClInclude>
    <ClInclude Include="common\include\config.hpp">
      <Filter>common\include</Filter>
    </ClInclude>
    <ClInclude Include="common\include\coord.hpp">
      <Filter>common\include</Filter>
    </ClInclude>
    <ClInclude Include="common\include\ecs.hpp">
      <Filter>common\include</Filter>
    </ClInclude>
    <ClInclude Include="common\include\ecsException.hpp">
      <Filter>common\include</Filter>
    </ClInclude>
    <ClInclude Include="common\include\enumUtil.hpp">
      <Filter>common\include</Filter>
    </ClInclude>
    <ClInclude Include="common\include\gfxExcept.hpp">
      <Filter>common\include</Filter>
    </ClInclude>
    <ClInclude Include="common\include\keyboardXX.hpp">
      <Filter>common\include</Filter>
    </ClInclude>
    <ClInclude Include="common\include\level.hpp">
      <Filter>common\include</Filter>
    </ClInclude>
    <ClInclude Include="common\include\mathUtil.hpp">
      <Filter>common\include</Filter>
    </ClInclude>
    <ClInclude Include="common\include\physicsSystem.hpp">
      <Filter>common\include</Filter>
    </ClInclude>
    <ClInclude Include="common\include\resumable.hpp">
      <Filter>common\include</Filter>
    </ClInclude>
    <ClInclude Include="common\include\sNetEx.hpp">
      <Filter>common\include</Filter>
    </ClInclude>
    <ClInclude Include="common\include\TMP.hpp">
      <Filter>common\include</Filter>
    </ClInclude>
    <ClInclude Include="concurrentqueue.h">
      <Filter>헤더 파일</Filter>
    </ClInclude>
  </ItemGroup>
</Project>