<?xml version="1.0" encoding="utf-8"?>
<Project ToolsVersion="4.0" xmlns="http://schemas.microsoft.com/developer/msbuild/2003">
  <ItemGroup>
    <Filter Include="common">
      <UniqueIdentifier>{04f95d2e-6345-4812-bf84-6fbc41f0bf69}</UniqueIdentifier>
    </Filter>
    <Filter Include="utils">
      <UniqueIdentifier>{c9266a01-0200-4be9-a039-3e630a25eec4}</UniqueIdentifier>
    </Filter>
    <Filter Include="utils\SocketUtils">
      <UniqueIdentifier>{d9a3afdb-9d7b-4948-a1f2-2021d59d86a1}</UniqueIdentifier>
    </Filter>
    <Filter Include="utils\NetAddress">
      <UniqueIdentifier>{e61eec7e-827f-4a01-9972-b57d836ef02c}</UniqueIdentifier>
    </Filter>
    <Filter Include="network">
      <UniqueIdentifier>{cfacdea5-a1c7-4b46-ade0-f3463b7303e2}</UniqueIdentifier>
    </Filter>
    <Filter Include="utils\Memory">
      <UniqueIdentifier>{c6afd776-1164-48f4-8514-10fd47f396df}</UniqueIdentifier>
    </Filter>
    <Filter Include="utils\Buffer">
      <UniqueIdentifier>{9b28bad1-e317-4bf9-ac98-ee79d75a56f4}</UniqueIdentifier>
    </Filter>
    <Filter Include="utils\BufferHelper">
      <UniqueIdentifier>{42dfa833-76ea-40d9-a7da-dda11e84581a}</UniqueIdentifier>
    </Filter>
    <Filter Include="utils\IdPool">
      <UniqueIdentifier>{6e9acca6-a710-42b3-ae0f-ce095d76a3ff}</UniqueIdentifier>
    </Filter>
    <Filter Include="network\I/O">
      <UniqueIdentifier>{64176dcc-62c4-4f20-b492-d6e298698671}</UniqueIdentifier>
    </Filter>
    <Filter Include="network\Session">
      <UniqueIdentifier>{2d71437c-ad5e-410e-917d-c3ce4e74a800}</UniqueIdentifier>
    </Filter>
    <Filter Include="network\Protocol">
      <UniqueIdentifier>{51d84db5-266c-42a5-8348-c82b9f835b6a}</UniqueIdentifier>
    </Filter>
    <Filter Include="utils\Job">
      <UniqueIdentifier>{a0b64acb-40ea-4b3f-a349-b28242ba82cf}</UniqueIdentifier>
    </Filter>
    <Filter Include="utils\Global">
      <UniqueIdentifier>{949455c9-b918-41a7-a67f-9c849f12a739}</UniqueIdentifier>
    </Filter>
    <Filter Include="DB">
      <UniqueIdentifier>{03d2debd-830d-426f-8de1-23c89ff802ad}</UniqueIdentifier>
    </Filter>
  </ItemGroup>
  <ItemGroup>
    <ClInclude Include="sepch.hpp">
      <Filter>common</Filter>
    </ClInclude>
    <ClInclude Include="simpleWindows.hpp">
      <Filter>common</Filter>
    </ClInclude>
    <ClInclude Include="concurrentqueue.h">
      <Filter>common</Filter>
    </ClInclude>
    <ClInclude Include="macro.hpp">
      <Filter>common</Filter>
    </ClInclude>
    <ClInclude Include="types.hpp">
      <Filter>common</Filter>
    </ClInclude>
    <ClInclude Include="SocketUtils.hpp">
      <Filter>utils\SocketUtils</Filter>
    </ClInclude>
    <ClInclude Include="NetAddress.hpp">
      <Filter>utils\NetAddress</Filter>
    </ClInclude>
    <ClInclude Include="MemoryManager.hpp">
      <Filter>utils\Memory</Filter>
    </ClInclude>
    <ClInclude Include="MemoryPool.hpp">
      <Filter>utils\Memory</Filter>
    </ClInclude>
    <ClInclude Include="ObjectPool.hpp">
      <Filter>utils\Memory</Filter>
    </ClInclude>
    <ClInclude Include="RecvBuffer.hpp">
      <Filter>utils\Buffer</Filter>
    </ClInclude>
    <ClInclude Include="SendBuffer.hpp">
      <Filter>utils\Buffer</Filter>
    </ClInclude>
    <ClInclude Include="globalTLS.hpp">
      <Filter>utils\Global</Filter>
    </ClInclude>
    <ClInclude Include="BufferReader.hpp">
      <Filter>utils\BufferHelper</Filter>
    </ClInclude>
    <ClInclude Include="BufferWriter.hpp">
      <Filter>utils\BufferHelper</Filter>
    </ClInclude>
    <ClInclude Include="IdPool.hpp">
      <Filter>utils\IdPool</Filter>
    </ClInclude>
    <ClInclude Include="IoEvent.hpp">
      <Filter>network\I/O</Filter>
    </ClInclude>
    <ClInclude Include="IocpDispatchable.hpp">
      <Filter>network\I/O</Filter>
    </ClInclude>
    <ClInclude Include="Session.hpp">
      <Filter>network\Session</Filter>
    </ClInclude>
    <ClInclude Include="IocpReactor.hpp">
      <Filter>network\I/O</Filter>
    </ClInclude>
    <ClInclude Include="protocol.hpp">
      <Filter>network\Protocol</Filter>
    </ClInclude>
    <ClInclude Include="Job.hpp">
      <Filter>utils\Job</Filter>
    </ClInclude>
    <ClInclude Include="JobQueue.hpp">
      <Filter>utils\Job</Filter>
    </ClInclude>
    <ClInclude Include="JobQueuePool.hpp">
      <Filter>utils\Job</Filter>
    </ClInclude>
    <ClInclude Include="DBConnection.hpp">
      <Filter>DB</Filter>
    </ClInclude>
    <ClInclude Include="DBConnectionPool.hpp">
      <Filter>DB</Filter>
    </ClInclude>
  </ItemGroup>
  <ItemGroup>
    <ClCompile Include="sepch.cpp">
      <Filter>common</Filter>
    </ClCompile>
    <ClCompile Include="SocketUtils.cpp">
      <Filter>utils\SocketUtils</Filter>
    </ClCompile>
    <ClCompile Include="MemoryManager.cpp">
      <Filter>utils\Memory</Filter>
    </ClCompile>
    <ClCompile Include="MemoryPool.cpp">
      <Filter>utils\Memory</Filter>
    </ClCompile>
    <ClCompile Include="SendBuffer.cpp">
      <Filter>utils\Buffer</Filter>
    </ClCompile>
    <ClCompile Include="globalTLS.cpp">
      <Filter>utils\Global</Filter>
    </ClCompile>
    <ClCompile Include="IdPool.cpp">
      <Filter>utils\IdPool</Filter>
    </ClCompile>
    <ClCompile Include="Session.cpp">
      <Filter>network\Session</Filter>
    </ClCompile>
    <ClCompile Include="JobQueue.cpp">
      <Filter>utils\Job</Filter>
    </ClCompile>
    <ClCompile Include="JobQueuePool.cpp">
      <Filter>utils\Job</Filter>
    </ClCompile>
    <ClCompile Include="DBConnection.cpp">
      <Filter>DB</Filter>
    </ClCompile>
    <ClCompile Include="DBConnectionPool.cpp">
      <Filter>DB</Filter>
    </ClCompile>
  </ItemGroup>
</Project>